
Microsoft Visual Studio Solution File, Format Version 12.00
# Visual Studio Version 16
VisualStudioVersion = 16.0.31911.196
MinimumVisualStudioVersion = 10.0.40219.1
Project("{6EC3EE1D-3C4E-46DD-8F32-0CC8E7565705}") = "aoc-2015-01", "aoc-2015-01\aoc-2015-01.fsproj", "{F6C7404B-9779-4030-B166-9378D1B9F6B2}"
EndProject
Project("{6EC3EE1D-3C4E-46DD-8F32-0CC8E7565705}") = "aoc-2015-02", "aoc-2015-02\aoc-2015-02.fsproj", "{EE4BD3C6-867B-4D04-989A-1D1C8A52CBC0}"
EndProject
Project("{6EC3EE1D-3C4E-46DD-8F32-0CC8E7565705}") = "aoc-2015-03", "aoc-2015-03\aoc-2015-03.fsproj", "{B2C38E04-0DFE-4EE4-8F0B-AD7B3BF077FA}"
EndProject
Project("{6EC3EE1D-3C4E-46DD-8F32-0CC8E7565705}") = "aoc-2015-04", "aoc-2015-04\aoc-2015-04.fsproj", "{693DB788-A338-489A-B222-E3ABCC654E23}"
EndProject
Project("{6EC3EE1D-3C4E-46DD-8F32-0CC8E7565705}") = "aoc-2015-05", "aoc-2015-05\aoc-2015-05.fsproj", "{F62C91DD-0BE7-4C48-B9C4-AFC0CF17CB17}"
EndProject
Project("{6EC3EE1D-3C4E-46DD-8F32-0CC8E7565705}") = "aoc-2015-06", "aoc-2015-06\aoc-2015-06.fsproj", "{18B1E67F-C337-487D-BC75-DA8739232EDE}"
EndProject
Project("{6EC3EE1D-3C4E-46DD-8F32-0CC8E7565705}") = "aoc-2015-07", "aoc-2015-07\aoc-2015-07.fsproj", "{9A9B18EC-B796-4778-911E-D59248BA8D0A}"
EndProject
Project("{6EC3EE1D-3C4E-46DD-8F32-0CC8E7565705}") = "aoc-2015-08", "aoc-2015-08\aoc-2015-08.fsproj", "{5390AF37-90A4-46D8-B8E0-D151B226DA66}"
EndProject
Project("{6EC3EE1D-3C4E-46DD-8F32-0CC8E7565705}") = "aoc-2015-09", "aoc-2015-09\aoc-2015-09.fsproj", "{C9EE4D61-CC35-4B00-B69C-D0CFC76F2A1B}"
EndProject
Project("{6EC3EE1D-3C4E-46DD-8F32-0CC8E7565705}") = "aoc-2015-10", "aoc-2015-10\aoc-2015-10.fsproj", "{9E086173-6A72-4662-AD2A-C647F64F8839}"
EndProject
Project("{6EC3EE1D-3C4E-46DD-8F32-0CC8E7565705}") = "aoc-2015-11", "aoc-2015-11\aoc-2015-11.fsproj", "{5261F79F-643A-4C0B-9AB7-4284DE4602D8}"
EndProject
Project("{6EC3EE1D-3C4E-46DD-8F32-0CC8E7565705}") = "aoc-2015-12", "aoc-2015-12\aoc-2015-12.fsproj", "{25828FB2-A4DF-43D1-B750-C83B3C4533BB}"
EndProject
Project("{6EC3EE1D-3C4E-46DD-8F32-0CC8E7565705}") = "aoc-2015-13", "aoc-2015-13\aoc-2015-13.fsproj", "{A9976FE3-B1B5-4880-A5F7-4E6CA7B25F46}"
EndProject
Project("{6EC3EE1D-3C4E-46DD-8F32-0CC8E7565705}") = "aoc-2015-14", "aoc-2015-14\aoc-2015-14.fsproj", "{F9B67B5D-EAD2-4982-BCC0-A2D64288AA5B}"
EndProject
Project("{6EC3EE1D-3C4E-46DD-8F32-0CC8E7565705}") = "aoc-2015-15", "aoc-2015-15\aoc-2015-15.fsproj", "{2692EECB-5C4D-491D-A3B3-C77C051A324E}"
EndProject
Project("{6EC3EE1D-3C4E-46DD-8F32-0CC8E7565705}") = "aoc-2015-16", "aoc-2015-16\aoc-2015-16.fsproj", "{ADD25406-FFB4-4B15-926F-725BE1B1DF21}"
EndProject
Project("{6EC3EE1D-3C4E-46DD-8F32-0CC8E7565705}") = "aoc-2015-17", "aoc-2015-17\aoc-2015-17.fsproj", "{7ACE0820-C84E-41C6-B1DF-F717FA40DF23}"
EndProject
Project("{6EC3EE1D-3C4E-46DD-8F32-0CC8E7565705}") = "aoc-2015-18", "aoc-2015-18\aoc-2015-18.fsproj", "{AD6EF4EF-95FA-4FE6-A9E3-DB9DED3519EB}"
EndProject
Project("{6EC3EE1D-3C4E-46DD-8F32-0CC8E7565705}") = "aoc-2015-19", "aoc-2015-19\aoc-2015-19.fsproj", "{01A5E3D5-9F43-4F00-9581-4FC7F31891CC}"
EndProject
Project("{6EC3EE1D-3C4E-46DD-8F32-0CC8E7565705}") = "aoc-2015-20", "aoc-2015-20\aoc-2015-20.fsproj", "{5A97704B-8F01-4565-9341-4E8FC12A3A60}"
EndProject
Global
	GlobalSection(SolutionConfigurationPlatforms) = preSolution
		Debug|Any CPU = Debug|Any CPU
		Release|Any CPU = Release|Any CPU
	EndGlobalSection
	GlobalSection(ProjectConfigurationPlatforms) = postSolution
		{F6C7404B-9779-4030-B166-9378D1B9F6B2}.Debug|Any CPU.ActiveCfg = Debug|Any CPU
		{F6C7404B-9779-4030-B166-9378D1B9F6B2}.Debug|Any CPU.Build.0 = Debug|Any CPU
		{F6C7404B-9779-4030-B166-9378D1B9F6B2}.Release|Any CPU.ActiveCfg = Release|Any CPU
		{F6C7404B-9779-4030-B166-9378D1B9F6B2}.Release|Any CPU.Build.0 = Release|Any CPU
		{EE4BD3C6-867B-4D04-989A-1D1C8A52CBC0}.Debug|Any CPU.ActiveCfg = Debug|Any CPU
		{EE4BD3C6-867B-4D04-989A-1D1C8A52CBC0}.Debug|Any CPU.Build.0 = Debug|Any CPU
		{EE4BD3C6-867B-4D04-989A-1D1C8A52CBC0}.Release|Any CPU.ActiveCfg = Release|Any CPU
		{EE4BD3C6-867B-4D04-989A-1D1C8A52CBC0}.Release|Any CPU.Build.0 = Release|Any CPU
		{B2C38E04-0DFE-4EE4-8F0B-AD7B3BF077FA}.Debug|Any CPU.ActiveCfg = Debug|Any CPU
		{B2C38E04-0DFE-4EE4-8F0B-AD7B3BF077FA}.Debug|Any CPU.Build.0 = Debug|Any CPU
		{B2C38E04-0DFE-4EE4-8F0B-AD7B3BF077FA}.Release|Any CPU.ActiveCfg = Release|Any CPU
		{B2C38E04-0DFE-4EE4-8F0B-AD7B3BF077FA}.Release|Any CPU.Build.0 = Release|Any CPU
		{693DB788-A338-489A-B222-E3ABCC654E23}.Debug|Any CPU.ActiveCfg = Debug|Any CPU
		{693DB788-A338-489A-B222-E3ABCC654E23}.Debug|Any CPU.Build.0 = Debug|Any CPU
		{693DB788-A338-489A-B222-E3ABCC654E23}.Release|Any CPU.ActiveCfg = Release|Any CPU
		{693DB788-A338-489A-B222-E3ABCC654E23}.Release|Any CPU.Build.0 = Release|Any CPU
		{F62C91DD-0BE7-4C48-B9C4-AFC0CF17CB17}.Debug|Any CPU.ActiveCfg = Debug|Any CPU
		{F62C91DD-0BE7-4C48-B9C4-AFC0CF17CB17}.Debug|Any CPU.Build.0 = Debug|Any CPU
		{F62C91DD-0BE7-4C48-B9C4-AFC0CF17CB17}.Release|Any CPU.ActiveCfg = Release|Any CPU
		{F62C91DD-0BE7-4C48-B9C4-AFC0CF17CB17}.Release|Any CPU.Build.0 = Release|Any CPU
		{18B1E67F-C337-487D-BC75-DA8739232EDE}.Debug|Any CPU.ActiveCfg = Debug|Any CPU
		{18B1E67F-C337-487D-BC75-DA8739232EDE}.Debug|Any CPU.Build.0 = Debug|Any CPU
		{18B1E67F-C337-487D-BC75-DA8739232EDE}.Release|Any CPU.ActiveCfg = Release|Any CPU
		{18B1E67F-C337-487D-BC75-DA8739232EDE}.Release|Any CPU.Build.0 = Release|Any CPU
		{9A9B18EC-B796-4778-911E-D59248BA8D0A}.Debug|Any CPU.ActiveCfg = Debug|Any CPU
		{9A9B18EC-B796-4778-911E-D59248BA8D0A}.Debug|Any CPU.Build.0 = Debug|Any CPU
		{9A9B18EC-B796-4778-911E-D59248BA8D0A}.Release|Any CPU.ActiveCfg = Release|Any CPU
		{9A9B18EC-B796-4778-911E-D59248BA8D0A}.Release|Any CPU.Build.0 = Release|Any CPU
		{5390AF37-90A4-46D8-B8E0-D151B226DA66}.Debug|Any CPU.ActiveCfg = Debug|Any CPU
		{5390AF37-90A4-46D8-B8E0-D151B226DA66}.Debug|Any CPU.Build.0 = Debug|Any CPU
		{5390AF37-90A4-46D8-B8E0-D151B226DA66}.Release|Any CPU.ActiveCfg = Release|Any CPU
		{5390AF37-90A4-46D8-B8E0-D151B226DA66}.Release|Any CPU.Build.0 = Release|Any CPU
		{C9EE4D61-CC35-4B00-B69C-D0CFC76F2A1B}.Debug|Any CPU.ActiveCfg = Debug|Any CPU
		{C9EE4D61-CC35-4B00-B69C-D0CFC76F2A1B}.Debug|Any CPU.Build.0 = Debug|Any CPU
		{C9EE4D61-CC35-4B00-B69C-D0CFC76F2A1B}.Release|Any CPU.ActiveCfg = Release|Any CPU
		{C9EE4D61-CC35-4B00-B69C-D0CFC76F2A1B}.Release|Any CPU.Build.0 = Release|Any CPU
		{9E086173-6A72-4662-AD2A-C647F64F8839}.Debug|Any CPU.ActiveCfg = Debug|Any CPU
		{9E086173-6A72-4662-AD2A-C647F64F8839}.Debug|Any CPU.Build.0 = Debug|Any CPU
		{9E086173-6A72-4662-AD2A-C647F64F8839}.Release|Any CPU.ActiveCfg = Release|Any CPU
		{9E086173-6A72-4662-AD2A-C647F64F8839}.Release|Any CPU.Build.0 = Release|Any CPU
		{5261F79F-643A-4C0B-9AB7-4284DE4602D8}.Debug|Any CPU.ActiveCfg = Debug|Any CPU
		{5261F79F-643A-4C0B-9AB7-4284DE4602D8}.Debug|Any CPU.Build.0 = Debug|Any CPU
		{5261F79F-643A-4C0B-9AB7-4284DE4602D8}.Release|Any CPU.ActiveCfg = Release|Any CPU
		{5261F79F-643A-4C0B-9AB7-4284DE4602D8}.Release|Any CPU.Build.0 = Release|Any CPU
		{25828FB2-A4DF-43D1-B750-C83B3C4533BB}.Debug|Any CPU.ActiveCfg = Debug|Any CPU
		{25828FB2-A4DF-43D1-B750-C83B3C4533BB}.Debug|Any CPU.Build.0 = Debug|Any CPU
		{25828FB2-A4DF-43D1-B750-C83B3C4533BB}.Release|Any CPU.ActiveCfg = Release|Any CPU
		{25828FB2-A4DF-43D1-B750-C83B3C4533BB}.Release|Any CPU.Build.0 = Release|Any CPU
		{A9976FE3-B1B5-4880-A5F7-4E6CA7B25F46}.Debug|Any CPU.ActiveCfg = Debug|Any CPU
		{A9976FE3-B1B5-4880-A5F7-4E6CA7B25F46}.Debug|Any CPU.Build.0 = Debug|Any CPU
		{A9976FE3-B1B5-4880-A5F7-4E6CA7B25F46}.Release|Any CPU.ActiveCfg = Release|Any CPU
		{A9976FE3-B1B5-4880-A5F7-4E6CA7B25F46}.Release|Any CPU.Build.0 = Release|Any CPU
		{F9B67B5D-EAD2-4982-BCC0-A2D64288AA5B}.Debug|Any CPU.ActiveCfg = Debug|Any CPU
		{F9B67B5D-EAD2-4982-BCC0-A2D64288AA5B}.Debug|Any CPU.Build.0 = Debug|Any CPU
		{F9B67B5D-EAD2-4982-BCC0-A2D64288AA5B}.Release|Any CPU.ActiveCfg = Release|Any CPU
		{F9B67B5D-EAD2-4982-BCC0-A2D64288AA5B}.Release|Any CPU.Build.0 = Release|Any CPU
		{2692EECB-5C4D-491D-A3B3-C77C051A324E}.Debug|Any CPU.ActiveCfg = Debug|Any CPU
		{2692EECB-5C4D-491D-A3B3-C77C051A324E}.Debug|Any CPU.Build.0 = Debug|Any CPU
		{2692EECB-5C4D-491D-A3B3-C77C051A324E}.Release|Any CPU.ActiveCfg = Release|Any CPU
		{2692EECB-5C4D-491D-A3B3-C77C051A324E}.Release|Any CPU.Build.0 = Release|Any CPU
		{ADD25406-FFB4-4B15-926F-725BE1B1DF21}.Debug|Any CPU.ActiveCfg = Debug|Any CPU
		{ADD25406-FFB4-4B15-926F-725BE1B1DF21}.Debug|Any CPU.Build.0 = Debug|Any CPU
		{ADD25406-FFB4-4B15-926F-725BE1B1DF21}.Release|Any CPU.ActiveCfg = Release|Any CPU
		{ADD25406-FFB4-4B15-926F-725BE1B1DF21}.Release|Any CPU.Build.0 = Release|Any CPU
		{7ACE0820-C84E-41C6-B1DF-F717FA40DF23}.Debug|Any CPU.ActiveCfg = Debug|Any CPU
		{7ACE0820-C84E-41C6-B1DF-F717FA40DF23}.Debug|Any CPU.Build.0 = Debug|Any CPU
		{7ACE0820-C84E-41C6-B1DF-F717FA40DF23}.Release|Any CPU.ActiveCfg = Release|Any CPU
		{7ACE0820-C84E-41C6-B1DF-F717FA40DF23}.Release|Any CPU.Build.0 = Release|Any CPU
		{AD6EF4EF-95FA-4FE6-A9E3-DB9DED3519EB}.Debug|Any CPU.ActiveCfg = Debug|Any CPU
		{AD6EF4EF-95FA-4FE6-A9E3-DB9DED3519EB}.Debug|Any CPU.Build.0 = Debug|Any CPU
		{AD6EF4EF-95FA-4FE6-A9E3-DB9DED3519EB}.Release|Any CPU.ActiveCfg = Release|Any CPU
		{AD6EF4EF-95FA-4FE6-A9E3-DB9DED3519EB}.Release|Any CPU.Build.0 = Release|Any CPU
		{01A5E3D5-9F43-4F00-9581-4FC7F31891CC}.Debug|Any CPU.ActiveCfg = Debug|Any CPU
		{01A5E3D5-9F43-4F00-9581-4FC7F31891CC}.Debug|Any CPU.Build.0 = Debug|Any CPU
		{01A5E3D5-9F43-4F00-9581-4FC7F31891CC}.Release|Any CPU.ActiveCfg = Release|Any CPU
		{01A5E3D5-9F43-4F00-9581-4FC7F31891CC}.Release|Any CPU.Build.0 = Release|Any CPU
		{5A97704B-8F01-4565-9341-4E8FC12A3A60}.Debug|Any CPU.ActiveCfg = Debug|Any CPU
		{5A97704B-8F01-4565-9341-4E8FC12A3A60}.Debug|Any CPU.Build.0 = Debug|Any CPU
		{5A97704B-8F01-4565-9341-4E8FC12A3A60}.Release|Any CPU.ActiveCfg = Release|Any CPU
		{5A97704B-8F01-4565-9341-4E8FC12A3A60}.Release|Any CPU.Build.0 = Release|Any CPU
	EndGlobalSection
	GlobalSection(SolutionProperties) = preSolution
		HideSolutionNode = FALSE
	EndGlobalSection
	GlobalSection(ExtensibilityGlobals) = postSolution
		SolutionGuid = {9673B0C0-E2DB-4821-803D-C2C84CAF7E42}
	EndGlobalSection
EndGlobal
